
Microsoft Visual Studio Solution File, Format Version 12.00
# Visual Studio Version 16
VisualStudioVersion = 16.0.28803.352
MinimumVisualStudioVersion = 10.0.40219.1
Project("{FAE04EC0-301F-11D3-BF4B-00C04F79EFBC}") = "DataAccessLayer", "DataAccessLayer\DataAccessLayer.csproj", "{71FE0004-EB3B-452E-82B1-4A7130CE6655}"
EndProject
Project("{FAE04EC0-301F-11D3-BF4B-00C04F79EFBC}") = "WebAppMVC", "WebAppMVC\WebAppMVC.csproj", "{73F39E8C-2676-4F39-B4A3-3C656C9A2C6F}"
EndProject
Global
	GlobalSection(SolutionConfigurationPlatforms) = preSolution
		Debug|Any CPU = Debug|Any CPU
		Release|Any CPU = Release|Any CPU
	EndGlobalSection
	GlobalSection(ProjectConfigurationPlatforms) = postSolution
		{71FE0004-EB3B-452E-82B1-4A7130CE6655}.Debug|Any CPU.ActiveCfg = Debug|Any CPU
		{71FE0004-EB3B-452E-82B1-4A7130CE6655}.Debug|Any CPU.Build.0 = Debug|Any CPU
		{71FE0004-EB3B-452E-82B1-4A7130CE6655}.Release|Any CPU.ActiveCfg = Release|Any CPU
		{71FE0004-EB3B-452E-82B1-4A7130CE6655}.Release|Any CPU.Build.0 = Release|Any CPU
		{73F39E8C-2676-4F39-B4A3-3C656C9A2C6F}.Debug|Any CPU.ActiveCfg = Debug|Any CPU
		{73F39E8C-2676-4F39-B4A3-3C656C9A2C6F}.Debug|Any CPU.Build.0 = Debug|Any CPU
		{73F39E8C-2676-4F39-B4A3-3C656C9A2C6F}.Release|Any CPU.ActiveCfg = Release|Any CPU
		{73F39E8C-2676-4F39-B4A3-3C656C9A2C6F}.Release|Any CPU.Build.0 = Release|Any CPU
	EndGlobalSection
	GlobalSection(SolutionProperties) = preSolution
		HideSolutionNode = FALSE
	EndGlobalSection
	GlobalSection(ExtensibilityGlobals) = postSolution
		SolutionGuid = {0F4E0E96-FF79-4614-96D6-D3059CC4CB0F}
	EndGlobalSection
EndGlobal
