
Microsoft Visual Studio Solution File, Format Version 12.00
# Visual Studio Version 16
VisualStudioVersion = 16.0.28803.352
MinimumVisualStudioVersion = 10.0.40219.1
Project("{9A19103F-16F7-4668-BE54-9A1E7A4F7556}") = "Project.DAL", "Project.DAL\Project.DAL.csproj", "{B7693B83-D3D8-4792-9419-74C1D6CBAFDF}"
EndProject
Project("{9A19103F-16F7-4668-BE54-9A1E7A4F7556}") = "Project.BLL", "Project.BLL\Project.BLL.csproj", "{938D6F22-8484-4304-9FBF-D390D17714BB}"
EndProject
Project("{9A19103F-16F7-4668-BE54-9A1E7A4F7556}") = "Project.Models", "Project.Models\Project.Models.csproj", "{55E8899F-EBC6-4CBE-9829-B7D4EB8DF42E}"
EndProject
Project("{FAE04EC0-301F-11D3-BF4B-00C04F79EFBC}") = "Project.Web", "Project.Web\Project.Web.csproj", "{79933BAA-2570-4128-BF0C-6ED76E62F849}"
EndProject
Global
	GlobalSection(SolutionConfigurationPlatforms) = preSolution
		Debug|Any CPU = Debug|Any CPU
		Release|Any CPU = Release|Any CPU
	EndGlobalSection
	GlobalSection(ProjectConfigurationPlatforms) = postSolution
		{B7693B83-D3D8-4792-9419-74C1D6CBAFDF}.Debug|Any CPU.ActiveCfg = Debug|Any CPU
		{B7693B83-D3D8-4792-9419-74C1D6CBAFDF}.Debug|Any CPU.Build.0 = Debug|Any CPU
		{B7693B83-D3D8-4792-9419-74C1D6CBAFDF}.Release|Any CPU.ActiveCfg = Release|Any CPU
		{B7693B83-D3D8-4792-9419-74C1D6CBAFDF}.Release|Any CPU.Build.0 = Release|Any CPU
		{938D6F22-8484-4304-9FBF-D390D17714BB}.Debug|Any CPU.ActiveCfg = Debug|Any CPU
		{938D6F22-8484-4304-9FBF-D390D17714BB}.Debug|Any CPU.Build.0 = Debug|Any CPU
		{938D6F22-8484-4304-9FBF-D390D17714BB}.Release|Any CPU.ActiveCfg = Release|Any CPU
		{938D6F22-8484-4304-9FBF-D390D17714BB}.Release|Any CPU.Build.0 = Release|Any CPU
		{55E8899F-EBC6-4CBE-9829-B7D4EB8DF42E}.Debug|Any CPU.ActiveCfg = Debug|Any CPU
		{55E8899F-EBC6-4CBE-9829-B7D4EB8DF42E}.Debug|Any CPU.Build.0 = Debug|Any CPU
		{55E8899F-EBC6-4CBE-9829-B7D4EB8DF42E}.Release|Any CPU.ActiveCfg = Release|Any CPU
		{55E8899F-EBC6-4CBE-9829-B7D4EB8DF42E}.Release|Any CPU.Build.0 = Release|Any CPU
		{79933BAA-2570-4128-BF0C-6ED76E62F849}.Debug|Any CPU.ActiveCfg = Debug|Any CPU
		{79933BAA-2570-4128-BF0C-6ED76E62F849}.Debug|Any CPU.Build.0 = Debug|Any CPU
		{79933BAA-2570-4128-BF0C-6ED76E62F849}.Release|Any CPU.ActiveCfg = Release|Any CPU
		{79933BAA-2570-4128-BF0C-6ED76E62F849}.Release|Any CPU.Build.0 = Release|Any CPU
	EndGlobalSection
	GlobalSection(SolutionProperties) = preSolution
		HideSolutionNode = FALSE
	EndGlobalSection
	GlobalSection(ExtensibilityGlobals) = postSolution
		SolutionGuid = {0F4E0E96-FF79-4614-96D6-D3059CC4CB0F}
	EndGlobalSection
EndGlobal
